# generated by rye
# use `rye lock` or `rye sync` to update this lockfile
#
# last locked with the following flags:
#   pre: false
#   features: []
#   all-features: false

-e file:.
asttokens==2.4.0
cleez==0.1.11
devtools==0.12.2
executing==1.2.0
pygments==2.16.1
six==1.16.0
termcolor==2.3.0
# The following packages are considered to be unsafe in a requirements file:
setuptools==68.1.2
